
Microsoft Visual Studio Solution File, Format Version 11.00
# Visual Studio 2010
Project("{8BC9CEB8-8B4A-11D0-8D11-00A0C91BC942}") = "ex04", "1551020_week04\1551020_week04.vcxproj", "{714B1748-9CB3-4602-8D70-B724C730B599}"
EndProject
Project("{8BC9CEB8-8B4A-11D0-8D11-00A0C91BC942}") = "ex08", "ex02\ex02.vcxproj", "{91CFD9C9-DF69-4AC7-BEB6-2DED045AA894}"
EndProject
Project("{8BC9CEB8-8B4A-11D0-8D11-00A0C91BC942}") = "ex12", "ex12\ex12.vcxproj", "{997C6799-1033-4011-965C-B06766B99BA8}"
EndProject
Project("{8BC9CEB8-8B4A-11D0-8D11-00A0C91BC942}") = "ex16", "ex16\ex16.vcxproj", "{A453C187-6F5F-44D9-98F2-2E0FF24FCD39}"
EndProject
Project("{8BC9CEB8-8B4A-11D0-8D11-00A0C91BC942}") = "ex20", "ex20\ex20.vcxproj", "{AF5FF6F6-BA8F-47C3-B755-6A82BD3B410F}"
EndProject
Project("{8BC9CEB8-8B4A-11D0-8D11-00A0C91BC942}") = "ex24", "ex24\ex24.vcxproj", "{DCF025A6-A9C3-4302-881F-39F197034E8C}"
EndProject
Project("{8BC9CEB8-8B4A-11D0-8D11-00A0C91BC942}") = "ex28", "ex28\ex28.vcxproj", "{E4760FB2-E03A-4172-A032-6660FD806226}"
EndProject
Project("{8BC9CEB8-8B4A-11D0-8D11-00A0C91BC942}") = "ex32", "ex32\ex32.vcxproj", "{3A7B5633-D1B9-4EF2-8E6E-10E67701EBD3}"
EndProject
Project("{8BC9CEB8-8B4A-11D0-8D11-00A0C91BC942}") = "ex36", "ex26\ex26.vcxproj", "{0621A741-B914-4CE9-9E22-1AE7C10C62A6}"
EndProject
Project("{8BC9CEB8-8B4A-11D0-8D11-00A0C91BC942}") = "ex40", "ex40\ex40.vcxproj", "{1EC05EC0-F9FC-42BE-97B5-C4E496C8B705}"
EndProject
Project("{8BC9CEB8-8B4A-11D0-8D11-00A0C91BC942}") = "ex44", "ex44\ex44.vcxproj", "{E61685EC-CC38-42FF-B839-041F4E75F849}"
EndProject
Project("{8BC9CEB8-8B4A-11D0-8D11-00A0C91BC942}") = "ex48", "ex48\ex48.vcxproj", "{512D41FB-7B97-4DF5-9C07-234D18BC98D0}"
EndProject
Project("{8BC9CEB8-8B4A-11D0-8D11-00A0C91BC942}") = "ex52", "ex52\ex52.vcxproj", "{2EE72055-879F-438F-883D-7AFB65D0C8CF}"
EndProject
Project("{8BC9CEB8-8B4A-11D0-8D11-00A0C91BC942}") = "ex56", "ex56\ex56.vcxproj", "{BAAAC7A6-F56A-4E49-B805-1785E31B6B47}"
EndProject
Project("{8BC9CEB8-8B4A-11D0-8D11-00A0C91BC942}") = "ex60", "ex60\ex60.vcxproj", "{1E74B947-BF14-42FA-ACBC-89BF6084642A}"
EndProject
Project("{8BC9CEB8-8B4A-11D0-8D11-00A0C91BC942}") = "ex64", "ex64\ex64.vcxproj", "{EAF3C608-A82C-4F99-919C-35D1C86E920E}"
EndProject
Project("{8BC9CEB8-8B4A-11D0-8D11-00A0C91BC942}") = "ex68", "ex68\ex68.vcxproj", "{A0718224-ABE4-49FB-8B26-387EBBAF6140}"
EndProject
Project("{8BC9CEB8-8B4A-11D0-8D11-00A0C91BC942}") = "ex72", "ex72\ex72.vcxproj", "{78BFA18C-F268-4BB4-B6A5-CB41AD8E553E}"
EndProject
Project("{8BC9CEB8-8B4A-11D0-8D11-00A0C91BC942}") = "ex76", "ex76\ex76.vcxproj", "{71477F88-B411-410C-9DBD-5B163F1DED5F}"
EndProject
Global
	GlobalSection(SolutionConfigurationPlatforms) = preSolution
		Debug|Win32 = Debug|Win32
		Release|Win32 = Release|Win32
	EndGlobalSection
	GlobalSection(ProjectConfigurationPlatforms) = postSolution
		{714B1748-9CB3-4602-8D70-B724C730B599}.Debug|Win32.ActiveCfg = Debug|Win32
		{714B1748-9CB3-4602-8D70-B724C730B599}.Debug|Win32.Build.0 = Debug|Win32
		{714B1748-9CB3-4602-8D70-B724C730B599}.Release|Win32.ActiveCfg = Release|Win32
		{714B1748-9CB3-4602-8D70-B724C730B599}.Release|Win32.Build.0 = Release|Win32
		{91CFD9C9-DF69-4AC7-BEB6-2DED045AA894}.Debug|Win32.ActiveCfg = Debug|Win32
		{91CFD9C9-DF69-4AC7-BEB6-2DED045AA894}.Debug|Win32.Build.0 = Debug|Win32
		{91CFD9C9-DF69-4AC7-BEB6-2DED045AA894}.Release|Win32.ActiveCfg = Release|Win32
		{91CFD9C9-DF69-4AC7-BEB6-2DED045AA894}.Release|Win32.Build.0 = Release|Win32
		{997C6799-1033-4011-965C-B06766B99BA8}.Debug|Win32.ActiveCfg = Debug|Win32
		{997C6799-1033-4011-965C-B06766B99BA8}.Debug|Win32.Build.0 = Debug|Win32
		{997C6799-1033-4011-965C-B06766B99BA8}.Release|Win32.ActiveCfg = Release|Win32
		{997C6799-1033-4011-965C-B06766B99BA8}.Release|Win32.Build.0 = Release|Win32
		{A453C187-6F5F-44D9-98F2-2E0FF24FCD39}.Debug|Win32.ActiveCfg = Debug|Win32
		{A453C187-6F5F-44D9-98F2-2E0FF24FCD39}.Debug|Win32.Build.0 = Debug|Win32
		{A453C187-6F5F-44D9-98F2-2E0FF24FCD39}.Release|Win32.ActiveCfg = Release|Win32
		{A453C187-6F5F-44D9-98F2-2E0FF24FCD39}.Release|Win32.Build.0 = Release|Win32
		{AF5FF6F6-BA8F-47C3-B755-6A82BD3B410F}.Debug|Win32.ActiveCfg = Debug|Win32
		{AF5FF6F6-BA8F-47C3-B755-6A82BD3B410F}.Debug|Win32.Build.0 = Debug|Win32
		{AF5FF6F6-BA8F-47C3-B755-6A82BD3B410F}.Release|Win32.ActiveCfg = Release|Win32
		{AF5FF6F6-BA8F-47C3-B755-6A82BD3B410F}.Release|Win32.Build.0 = Release|Win32
		{DCF025A6-A9C3-4302-881F-39F197034E8C}.Debug|Win32.ActiveCfg = Debug|Win32
		{DCF025A6-A9C3-4302-881F-39F197034E8C}.Debug|Win32.Build.0 = Debug|Win32
		{DCF025A6-A9C3-4302-881F-39F197034E8C}.Release|Win32.ActiveCfg = Release|Win32
		{DCF025A6-A9C3-4302-881F-39F197034E8C}.Release|Win32.Build.0 = Release|Win32
		{E4760FB2-E03A-4172-A032-6660FD806226}.Debug|Win32.ActiveCfg = Debug|Win32
		{E4760FB2-E03A-4172-A032-6660FD806226}.Debug|Win32.Build.0 = Debug|Win32
		{E4760FB2-E03A-4172-A032-6660FD806226}.Release|Win32.ActiveCfg = Release|Win32
		{E4760FB2-E03A-4172-A032-6660FD806226}.Release|Win32.Build.0 = Release|Win32
		{3A7B5633-D1B9-4EF2-8E6E-10E67701EBD3}.Debug|Win32.ActiveCfg = Debug|Win32
		{3A7B5633-D1B9-4EF2-8E6E-10E67701EBD3}.Debug|Win32.Build.0 = Debug|Win32
		{3A7B5633-D1B9-4EF2-8E6E-10E67701EBD3}.Release|Win32.ActiveCfg = Release|Win32
		{3A7B5633-D1B9-4EF2-8E6E-10E67701EBD3}.Release|Win32.Build.0 = Release|Win32
		{0621A741-B914-4CE9-9E22-1AE7C10C62A6}.Debug|Win32.ActiveCfg = Debug|Win32
		{0621A741-B914-4CE9-9E22-1AE7C10C62A6}.Debug|Win32.Build.0 = Debug|Win32
		{0621A741-B914-4CE9-9E22-1AE7C10C62A6}.Release|Win32.ActiveCfg = Release|Win32
		{0621A741-B914-4CE9-9E22-1AE7C10C62A6}.Release|Win32.Build.0 = Release|Win32
		{1EC05EC0-F9FC-42BE-97B5-C4E496C8B705}.Debug|Win32.ActiveCfg = Debug|Win32
		{1EC05EC0-F9FC-42BE-97B5-C4E496C8B705}.Debug|Win32.Build.0 = Debug|Win32
		{1EC05EC0-F9FC-42BE-97B5-C4E496C8B705}.Release|Win32.ActiveCfg = Release|Win32
		{1EC05EC0-F9FC-42BE-97B5-C4E496C8B705}.Release|Win32.Build.0 = Release|Win32
		{E61685EC-CC38-42FF-B839-041F4E75F849}.Debug|Win32.ActiveCfg = Debug|Win32
		{E61685EC-CC38-42FF-B839-041F4E75F849}.Debug|Win32.Build.0 = Debug|Win32
		{E61685EC-CC38-42FF-B839-041F4E75F849}.Release|Win32.ActiveCfg = Release|Win32
		{E61685EC-CC38-42FF-B839-041F4E75F849}.Release|Win32.Build.0 = Release|Win32
		{512D41FB-7B97-4DF5-9C07-234D18BC98D0}.Debug|Win32.ActiveCfg = Debug|Win32
		{512D41FB-7B97-4DF5-9C07-234D18BC98D0}.Debug|Win32.Build.0 = Debug|Win32
		{512D41FB-7B97-4DF5-9C07-234D18BC98D0}.Release|Win32.ActiveCfg = Release|Win32
		{512D41FB-7B97-4DF5-9C07-234D18BC98D0}.Release|Win32.Build.0 = Release|Win32
		{2EE72055-879F-438F-883D-7AFB65D0C8CF}.Debug|Win32.ActiveCfg = Debug|Win32
		{2EE72055-879F-438F-883D-7AFB65D0C8CF}.Debug|Win32.Build.0 = Debug|Win32
		{2EE72055-879F-438F-883D-7AFB65D0C8CF}.Release|Win32.ActiveCfg = Release|Win32
		{2EE72055-879F-438F-883D-7AFB65D0C8CF}.Release|Win32.Build.0 = Release|Win32
		{BAAAC7A6-F56A-4E49-B805-1785E31B6B47}.Debug|Win32.ActiveCfg = Debug|Win32
		{BAAAC7A6-F56A-4E49-B805-1785E31B6B47}.Debug|Win32.Build.0 = Debug|Win32
		{BAAAC7A6-F56A-4E49-B805-1785E31B6B47}.Release|Win32.ActiveCfg = Release|Win32
		{BAAAC7A6-F56A-4E49-B805-1785E31B6B47}.Release|Win32.Build.0 = Release|Win32
		{1E74B947-BF14-42FA-ACBC-89BF6084642A}.Debug|Win32.ActiveCfg = Debug|Win32
		{1E74B947-BF14-42FA-ACBC-89BF6084642A}.Debug|Win32.Build.0 = Debug|Win32
		{1E74B947-BF14-42FA-ACBC-89BF6084642A}.Release|Win32.ActiveCfg = Release|Win32
		{1E74B947-BF14-42FA-ACBC-89BF6084642A}.Release|Win32.Build.0 = Release|Win32
		{EAF3C608-A82C-4F99-919C-35D1C86E920E}.Debug|Win32.ActiveCfg = Debug|Win32
		{EAF3C608-A82C-4F99-919C-35D1C86E920E}.Debug|Win32.Build.0 = Debug|Win32
		{EAF3C608-A82C-4F99-919C-35D1C86E920E}.Release|Win32.ActiveCfg = Release|Win32
		{EAF3C608-A82C-4F99-919C-35D1C86E920E}.Release|Win32.Build.0 = Release|Win32
		{A0718224-ABE4-49FB-8B26-387EBBAF6140}.Debug|Win32.ActiveCfg = Debug|Win32
		{A0718224-ABE4-49FB-8B26-387EBBAF6140}.Debug|Win32.Build.0 = Debug|Win32
		{A0718224-ABE4-49FB-8B26-387EBBAF6140}.Release|Win32.ActiveCfg = Release|Win32
		{A0718224-ABE4-49FB-8B26-387EBBAF6140}.Release|Win32.Build.0 = Release|Win32
		{78BFA18C-F268-4BB4-B6A5-CB41AD8E553E}.Debug|Win32.ActiveCfg = Debug|Win32
		{78BFA18C-F268-4BB4-B6A5-CB41AD8E553E}.Debug|Win32.Build.0 = Debug|Win32
		{78BFA18C-F268-4BB4-B6A5-CB41AD8E553E}.Release|Win32.ActiveCfg = Release|Win32
		{78BFA18C-F268-4BB4-B6A5-CB41AD8E553E}.Release|Win32.Build.0 = Release|Win32
		{71477F88-B411-410C-9DBD-5B163F1DED5F}.Debug|Win32.ActiveCfg = Debug|Win32
		{71477F88-B411-410C-9DBD-5B163F1DED5F}.Debug|Win32.Build.0 = Debug|Win32
		{71477F88-B411-410C-9DBD-5B163F1DED5F}.Release|Win32.ActiveCfg = Release|Win32
		{71477F88-B411-410C-9DBD-5B163F1DED5F}.Release|Win32.Build.0 = Release|Win32
	EndGlobalSection
	GlobalSection(SolutionProperties) = preSolution
		HideSolutionNode = FALSE
	EndGlobalSection
EndGlobal
