
Microsoft Visual Studio Solution File, Format Version 11.00
# Visual Studio 2010
Project("{8BC9CEB8-8B4A-11D0-8D11-00A0C91BC942}") = "ex01a", "1551020_Week06\1551020_Week06.vcxproj", "{2F2DF5F6-81FA-477A-AA18-F3B21B071E47}"
EndProject
Project("{8BC9CEB8-8B4A-11D0-8D11-00A0C91BC942}") = "ex01b", "ex01b\ex01b.vcxproj", "{60C7467D-EF7A-45F3-9C4D-96925BDB1BC7}"
EndProject
Project("{8BC9CEB8-8B4A-11D0-8D11-00A0C91BC942}") = "ex01c", "ex01c\ex01c.vcxproj", "{C5DA91D0-D8F3-47EA-A49B-EF34FECB18A0}"
EndProject
Project("{8BC9CEB8-8B4A-11D0-8D11-00A0C91BC942}") = "ex01d", "ex01d\ex01d.vcxproj", "{8A4E8008-D661-4C1B-AF89-5313AC985A97}"
EndProject
Project("{8BC9CEB8-8B4A-11D0-8D11-00A0C91BC942}") = "ex01e", "ex01e\ex01e.vcxproj", "{99CB9B35-AAD2-4076-81AF-C5DB5EDDC1F8}"
EndProject
Project("{8BC9CEB8-8B4A-11D0-8D11-00A0C91BC942}") = "ex01f", "ex01f\ex01f.vcxproj", "{B3339097-201B-4369-84D8-D8EAEA94AF5F}"
EndProject
Project("{8BC9CEB8-8B4A-11D0-8D11-00A0C91BC942}") = "ex01g", "ex02g\ex02g.vcxproj", "{831B496C-B5AD-4851-9BC4-2E72D61F2356}"
EndProject
Project("{8BC9CEB8-8B4A-11D0-8D11-00A0C91BC942}") = "ex01h", "ex01h\ex01h.vcxproj", "{654E9432-399B-4123-BDD0-205B88AA6760}"
EndProject
Project("{8BC9CEB8-8B4A-11D0-8D11-00A0C91BC942}") = "ex02a", "ex02a\ex02a.vcxproj", "{728A3BD3-2950-4AE1-B784-C8C3D1629B0C}"
EndProject
Project("{8BC9CEB8-8B4A-11D0-8D11-00A0C91BC942}") = "ex02b", "ex02b\ex02b.vcxproj", "{5E2A455C-77F3-40E4-867C-83F2F239F060}"
EndProject
Project("{8BC9CEB8-8B4A-11D0-8D11-00A0C91BC942}") = "ex02c", "ex02c\ex02c.vcxproj", "{6A55729F-66B5-4961-8FE3-9BC929A458F9}"
EndProject
Project("{8BC9CEB8-8B4A-11D0-8D11-00A0C91BC942}") = "ex02d", "ex02d\ex02d.vcxproj", "{F4ECF310-A1FF-4BC1-A949-CD2CE5E230B4}"
EndProject
Project("{8BC9CEB8-8B4A-11D0-8D11-00A0C91BC942}") = "ex02e", "ex02e\ex02e.vcxproj", "{AE35D5AA-C247-47FF-8C01-87A370E21F45}"
EndProject
Project("{8BC9CEB8-8B4A-11D0-8D11-00A0C91BC942}") = "ex02f", "ex02f\ex02f.vcxproj", "{B523729E-2F56-4EBB-B1DE-821A330CA6B4}"
EndProject
Project("{8BC9CEB8-8B4A-11D0-8D11-00A0C91BC942}") = "ex2g", "ex2g\ex2g.vcxproj", "{8A32A989-69D2-474A-8ED2-376FD014DC02}"
EndProject
Project("{8BC9CEB8-8B4A-11D0-8D11-00A0C91BC942}") = "ex02h", "ex02h\ex02h.vcxproj", "{89ED8EF2-A6D5-464F-BD86-D332BCC4CEA5}"
EndProject
Project("{8BC9CEB8-8B4A-11D0-8D11-00A0C91BC942}") = "ex03", "ex03\ex03.vcxproj", "{FB696519-266C-4BC8-8F5E-944600F7E5B4}"
EndProject
Project("{8BC9CEB8-8B4A-11D0-8D11-00A0C91BC942}") = "ex04", "ex04\ex04.vcxproj", "{67ECDD35-6CBC-454E-9384-1703A9442013}"
EndProject
Project("{8BC9CEB8-8B4A-11D0-8D11-00A0C91BC942}") = "ex05", "ex05\ex05.vcxproj", "{2AB0948D-E25B-44BB-8F24-345598E51A3F}"
EndProject
Project("{8BC9CEB8-8B4A-11D0-8D11-00A0C91BC942}") = "ex06", "ex06\ex06.vcxproj", "{DE5214B5-A269-42CD-B6D5-585B34A4F955}"
EndProject
Project("{8BC9CEB8-8B4A-11D0-8D11-00A0C91BC942}") = "ex07", "ex07\ex07.vcxproj", "{39BD8137-DA7A-4109-A50E-B77BAD7D065D}"
EndProject
Global
	GlobalSection(SolutionConfigurationPlatforms) = preSolution
		Debug|Win32 = Debug|Win32
		Release|Win32 = Release|Win32
	EndGlobalSection
	GlobalSection(ProjectConfigurationPlatforms) = postSolution
		{2F2DF5F6-81FA-477A-AA18-F3B21B071E47}.Debug|Win32.ActiveCfg = Debug|Win32
		{2F2DF5F6-81FA-477A-AA18-F3B21B071E47}.Debug|Win32.Build.0 = Debug|Win32
		{2F2DF5F6-81FA-477A-AA18-F3B21B071E47}.Release|Win32.ActiveCfg = Release|Win32
		{2F2DF5F6-81FA-477A-AA18-F3B21B071E47}.Release|Win32.Build.0 = Release|Win32
		{60C7467D-EF7A-45F3-9C4D-96925BDB1BC7}.Debug|Win32.ActiveCfg = Debug|Win32
		{60C7467D-EF7A-45F3-9C4D-96925BDB1BC7}.Debug|Win32.Build.0 = Debug|Win32
		{60C7467D-EF7A-45F3-9C4D-96925BDB1BC7}.Release|Win32.ActiveCfg = Release|Win32
		{60C7467D-EF7A-45F3-9C4D-96925BDB1BC7}.Release|Win32.Build.0 = Release|Win32
		{C5DA91D0-D8F3-47EA-A49B-EF34FECB18A0}.Debug|Win32.ActiveCfg = Debug|Win32
		{C5DA91D0-D8F3-47EA-A49B-EF34FECB18A0}.Debug|Win32.Build.0 = Debug|Win32
		{C5DA91D0-D8F3-47EA-A49B-EF34FECB18A0}.Release|Win32.ActiveCfg = Release|Win32
		{C5DA91D0-D8F3-47EA-A49B-EF34FECB18A0}.Release|Win32.Build.0 = Release|Win32
		{8A4E8008-D661-4C1B-AF89-5313AC985A97}.Debug|Win32.ActiveCfg = Debug|Win32
		{8A4E8008-D661-4C1B-AF89-5313AC985A97}.Debug|Win32.Build.0 = Debug|Win32
		{8A4E8008-D661-4C1B-AF89-5313AC985A97}.Release|Win32.ActiveCfg = Release|Win32
		{8A4E8008-D661-4C1B-AF89-5313AC985A97}.Release|Win32.Build.0 = Release|Win32
		{99CB9B35-AAD2-4076-81AF-C5DB5EDDC1F8}.Debug|Win32.ActiveCfg = Debug|Win32
		{99CB9B35-AAD2-4076-81AF-C5DB5EDDC1F8}.Debug|Win32.Build.0 = Debug|Win32
		{99CB9B35-AAD2-4076-81AF-C5DB5EDDC1F8}.Release|Win32.ActiveCfg = Release|Win32
		{99CB9B35-AAD2-4076-81AF-C5DB5EDDC1F8}.Release|Win32.Build.0 = Release|Win32
		{B3339097-201B-4369-84D8-D8EAEA94AF5F}.Debug|Win32.ActiveCfg = Debug|Win32
		{B3339097-201B-4369-84D8-D8EAEA94AF5F}.Debug|Win32.Build.0 = Debug|Win32
		{B3339097-201B-4369-84D8-D8EAEA94AF5F}.Release|Win32.ActiveCfg = Release|Win32
		{B3339097-201B-4369-84D8-D8EAEA94AF5F}.Release|Win32.Build.0 = Release|Win32
		{831B496C-B5AD-4851-9BC4-2E72D61F2356}.Debug|Win32.ActiveCfg = Debug|Win32
		{831B496C-B5AD-4851-9BC4-2E72D61F2356}.Debug|Win32.Build.0 = Debug|Win32
		{831B496C-B5AD-4851-9BC4-2E72D61F2356}.Release|Win32.ActiveCfg = Release|Win32
		{831B496C-B5AD-4851-9BC4-2E72D61F2356}.Release|Win32.Build.0 = Release|Win32
		{654E9432-399B-4123-BDD0-205B88AA6760}.Debug|Win32.ActiveCfg = Debug|Win32
		{654E9432-399B-4123-BDD0-205B88AA6760}.Debug|Win32.Build.0 = Debug|Win32
		{654E9432-399B-4123-BDD0-205B88AA6760}.Release|Win32.ActiveCfg = Release|Win32
		{654E9432-399B-4123-BDD0-205B88AA6760}.Release|Win32.Build.0 = Release|Win32
		{728A3BD3-2950-4AE1-B784-C8C3D1629B0C}.Debug|Win32.ActiveCfg = Debug|Win32
		{728A3BD3-2950-4AE1-B784-C8C3D1629B0C}.Debug|Win32.Build.0 = Debug|Win32
		{728A3BD3-2950-4AE1-B784-C8C3D1629B0C}.Release|Win32.ActiveCfg = Release|Win32
		{728A3BD3-2950-4AE1-B784-C8C3D1629B0C}.Release|Win32.Build.0 = Release|Win32
		{5E2A455C-77F3-40E4-867C-83F2F239F060}.Debug|Win32.ActiveCfg = Debug|Win32
		{5E2A455C-77F3-40E4-867C-83F2F239F060}.Debug|Win32.Build.0 = Debug|Win32
		{5E2A455C-77F3-40E4-867C-83F2F239F060}.Release|Win32.ActiveCfg = Release|Win32
		{5E2A455C-77F3-40E4-867C-83F2F239F060}.Release|Win32.Build.0 = Release|Win32
		{6A55729F-66B5-4961-8FE3-9BC929A458F9}.Debug|Win32.ActiveCfg = Debug|Win32
		{6A55729F-66B5-4961-8FE3-9BC929A458F9}.Debug|Win32.Build.0 = Debug|Win32
		{6A55729F-66B5-4961-8FE3-9BC929A458F9}.Release|Win32.ActiveCfg = Release|Win32
		{6A55729F-66B5-4961-8FE3-9BC929A458F9}.Release|Win32.Build.0 = Release|Win32
		{F4ECF310-A1FF-4BC1-A949-CD2CE5E230B4}.Debug|Win32.ActiveCfg = Debug|Win32
		{F4ECF310-A1FF-4BC1-A949-CD2CE5E230B4}.Debug|Win32.Build.0 = Debug|Win32
		{F4ECF310-A1FF-4BC1-A949-CD2CE5E230B4}.Release|Win32.ActiveCfg = Release|Win32
		{F4ECF310-A1FF-4BC1-A949-CD2CE5E230B4}.Release|Win32.Build.0 = Release|Win32
		{AE35D5AA-C247-47FF-8C01-87A370E21F45}.Debug|Win32.ActiveCfg = Debug|Win32
		{AE35D5AA-C247-47FF-8C01-87A370E21F45}.Debug|Win32.Build.0 = Debug|Win32
		{AE35D5AA-C247-47FF-8C01-87A370E21F45}.Release|Win32.ActiveCfg = Release|Win32
		{AE35D5AA-C247-47FF-8C01-87A370E21F45}.Release|Win32.Build.0 = Release|Win32
		{B523729E-2F56-4EBB-B1DE-821A330CA6B4}.Debug|Win32.ActiveCfg = Debug|Win32
		{B523729E-2F56-4EBB-B1DE-821A330CA6B4}.Debug|Win32.Build.0 = Debug|Win32
		{B523729E-2F56-4EBB-B1DE-821A330CA6B4}.Release|Win32.ActiveCfg = Release|Win32
		{B523729E-2F56-4EBB-B1DE-821A330CA6B4}.Release|Win32.Build.0 = Release|Win32
		{8A32A989-69D2-474A-8ED2-376FD014DC02}.Debug|Win32.ActiveCfg = Debug|Win32
		{8A32A989-69D2-474A-8ED2-376FD014DC02}.Debug|Win32.Build.0 = Debug|Win32
		{8A32A989-69D2-474A-8ED2-376FD014DC02}.Release|Win32.ActiveCfg = Release|Win32
		{8A32A989-69D2-474A-8ED2-376FD014DC02}.Release|Win32.Build.0 = Release|Win32
		{89ED8EF2-A6D5-464F-BD86-D332BCC4CEA5}.Debug|Win32.ActiveCfg = Debug|Win32
		{89ED8EF2-A6D5-464F-BD86-D332BCC4CEA5}.Debug|Win32.Build.0 = Debug|Win32
		{89ED8EF2-A6D5-464F-BD86-D332BCC4CEA5}.Release|Win32.ActiveCfg = Release|Win32
		{89ED8EF2-A6D5-464F-BD86-D332BCC4CEA5}.Release|Win32.Build.0 = Release|Win32
		{FB696519-266C-4BC8-8F5E-944600F7E5B4}.Debug|Win32.ActiveCfg = Debug|Win32
		{FB696519-266C-4BC8-8F5E-944600F7E5B4}.Debug|Win32.Build.0 = Debug|Win32
		{FB696519-266C-4BC8-8F5E-944600F7E5B4}.Release|Win32.ActiveCfg = Release|Win32
		{FB696519-266C-4BC8-8F5E-944600F7E5B4}.Release|Win32.Build.0 = Release|Win32
		{67ECDD35-6CBC-454E-9384-1703A9442013}.Debug|Win32.ActiveCfg = Debug|Win32
		{67ECDD35-6CBC-454E-9384-1703A9442013}.Debug|Win32.Build.0 = Debug|Win32
		{67ECDD35-6CBC-454E-9384-1703A9442013}.Release|Win32.ActiveCfg = Release|Win32
		{67ECDD35-6CBC-454E-9384-1703A9442013}.Release|Win32.Build.0 = Release|Win32
		{2AB0948D-E25B-44BB-8F24-345598E51A3F}.Debug|Win32.ActiveCfg = Debug|Win32
		{2AB0948D-E25B-44BB-8F24-345598E51A3F}.Debug|Win32.Build.0 = Debug|Win32
		{2AB0948D-E25B-44BB-8F24-345598E51A3F}.Release|Win32.ActiveCfg = Release|Win32
		{2AB0948D-E25B-44BB-8F24-345598E51A3F}.Release|Win32.Build.0 = Release|Win32
		{DE5214B5-A269-42CD-B6D5-585B34A4F955}.Debug|Win32.ActiveCfg = Debug|Win32
		{DE5214B5-A269-42CD-B6D5-585B34A4F955}.Debug|Win32.Build.0 = Debug|Win32
		{DE5214B5-A269-42CD-B6D5-585B34A4F955}.Release|Win32.ActiveCfg = Release|Win32
		{DE5214B5-A269-42CD-B6D5-585B34A4F955}.Release|Win32.Build.0 = Release|Win32
		{39BD8137-DA7A-4109-A50E-B77BAD7D065D}.Debug|Win32.ActiveCfg = Debug|Win32
		{39BD8137-DA7A-4109-A50E-B77BAD7D065D}.Debug|Win32.Build.0 = Debug|Win32
		{39BD8137-DA7A-4109-A50E-B77BAD7D065D}.Release|Win32.ActiveCfg = Release|Win32
		{39BD8137-DA7A-4109-A50E-B77BAD7D065D}.Release|Win32.Build.0 = Release|Win32
	EndGlobalSection
	GlobalSection(SolutionProperties) = preSolution
		HideSolutionNode = FALSE
	EndGlobalSection
EndGlobal
