
Microsoft Visual Studio Solution File, Format Version 11.00
# Visual Studio 2010
Project("{8BC9CEB8-8B4A-11D0-8D11-00A0C91BC942}") = "Ex1", "Ex1\Ex1.vcxproj", "{B5B17364-50BA-4A07-8167-4F8BA5979DFE}"
EndProject
Global
	GlobalSection(SolutionConfigurationPlatforms) = preSolution
		Debug|Win32 = Debug|Win32
		Release|Win32 = Release|Win32
	EndGlobalSection
	GlobalSection(ProjectConfigurationPlatforms) = postSolution
		{B5B17364-50BA-4A07-8167-4F8BA5979DFE}.Debug|Win32.ActiveCfg = Debug|Win32
		{B5B17364-50BA-4A07-8167-4F8BA5979DFE}.Debug|Win32.Build.0 = Debug|Win32
		{B5B17364-50BA-4A07-8167-4F8BA5979DFE}.Release|Win32.ActiveCfg = Release|Win32
		{B5B17364-50BA-4A07-8167-4F8BA5979DFE}.Release|Win32.Build.0 = Release|Win32
	EndGlobalSection
	GlobalSection(SolutionProperties) = preSolution
		HideSolutionNode = FALSE
	EndGlobalSection
EndGlobal
